
Microsoft Visual Studio Solution File, Format Version 12.00
Project("{FAE04EC0-301F-11D3-BF4B-00C04F79EFBC}") = "Domain", "Domain\Domain.csproj", "{4D3AEEBE-73A1-469D-9FE7-F3DFE9B2F839}"
EndProject
Project("{FAE04EC0-301F-11D3-BF4B-00C04F79EFBC}") = "Application", "Application\Application.csproj", "{DD7C0877-06C4-48E4-85D8-25311B3161B7}"
EndProject
Project("{FAE04EC0-301F-11D3-BF4B-00C04F79EFBC}") = "Infrastructure", "Infrastructure\Infrastructure.csproj", "{D8CED47E-4093-4D1A-B2BB-6598427F83B5}"
EndProject
Project("{FAE04EC0-301F-11D3-BF4B-00C04F79EFBC}") = "OCPP.API", "OCPP.API\OCPP.API.csproj", "{06A071CE-813E-40EA-8078-52F72FCC7BE5}"
EndProject
Project("{FAE04EC0-301F-11D3-BF4B-00C04F79EFBC}") = "Client.API", "Client.API\Client.API.csproj", "{6B8B45C1-E857-4BA6-8517-5FC7FA6DCFB3}"
EndProject
Project("{FAE04EC0-301F-11D3-BF4B-00C04F79EFBC}") = "Admin.API", "Admin.API\Admin.API.csproj", "{ECF23900-5808-45F6-933E-13F7822482B5}"
EndProject
Project("{2150E333-8FDC-42A3-9474-1A3956D46DE8}") = "Shared", "Shared", "{285E4812-2404-4EC1-ADDE-0CA39A30B304}"
EndProject
Global
	GlobalSection(SolutionConfigurationPlatforms) = preSolution
		Debug|Any CPU = Debug|Any CPU
		Release|Any CPU = Release|Any CPU
	EndGlobalSection
	GlobalSection(ProjectConfigurationPlatforms) = postSolution
		{4D3AEEBE-73A1-469D-9FE7-F3DFE9B2F839}.Debug|Any CPU.ActiveCfg = Debug|Any CPU
		{4D3AEEBE-73A1-469D-9FE7-F3DFE9B2F839}.Debug|Any CPU.Build.0 = Debug|Any CPU
		{4D3AEEBE-73A1-469D-9FE7-F3DFE9B2F839}.Release|Any CPU.ActiveCfg = Release|Any CPU
		{4D3AEEBE-73A1-469D-9FE7-F3DFE9B2F839}.Release|Any CPU.Build.0 = Release|Any CPU
		{DD7C0877-06C4-48E4-85D8-25311B3161B7}.Debug|Any CPU.ActiveCfg = Debug|Any CPU
		{DD7C0877-06C4-48E4-85D8-25311B3161B7}.Debug|Any CPU.Build.0 = Debug|Any CPU
		{DD7C0877-06C4-48E4-85D8-25311B3161B7}.Release|Any CPU.ActiveCfg = Release|Any CPU
		{DD7C0877-06C4-48E4-85D8-25311B3161B7}.Release|Any CPU.Build.0 = Release|Any CPU
		{D8CED47E-4093-4D1A-B2BB-6598427F83B5}.Debug|Any CPU.ActiveCfg = Debug|Any CPU
		{D8CED47E-4093-4D1A-B2BB-6598427F83B5}.Debug|Any CPU.Build.0 = Debug|Any CPU
		{D8CED47E-4093-4D1A-B2BB-6598427F83B5}.Release|Any CPU.ActiveCfg = Release|Any CPU
		{D8CED47E-4093-4D1A-B2BB-6598427F83B5}.Release|Any CPU.Build.0 = Release|Any CPU
		{06A071CE-813E-40EA-8078-52F72FCC7BE5}.Debug|Any CPU.ActiveCfg = Debug|Any CPU
		{06A071CE-813E-40EA-8078-52F72FCC7BE5}.Debug|Any CPU.Build.0 = Debug|Any CPU
		{06A071CE-813E-40EA-8078-52F72FCC7BE5}.Release|Any CPU.ActiveCfg = Release|Any CPU
		{06A071CE-813E-40EA-8078-52F72FCC7BE5}.Release|Any CPU.Build.0 = Release|Any CPU
		{6B8B45C1-E857-4BA6-8517-5FC7FA6DCFB3}.Debug|Any CPU.ActiveCfg = Debug|Any CPU
		{6B8B45C1-E857-4BA6-8517-5FC7FA6DCFB3}.Debug|Any CPU.Build.0 = Debug|Any CPU
		{6B8B45C1-E857-4BA6-8517-5FC7FA6DCFB3}.Release|Any CPU.ActiveCfg = Release|Any CPU
		{6B8B45C1-E857-4BA6-8517-5FC7FA6DCFB3}.Release|Any CPU.Build.0 = Release|Any CPU
		{ECF23900-5808-45F6-933E-13F7822482B5}.Debug|Any CPU.ActiveCfg = Debug|Any CPU
		{ECF23900-5808-45F6-933E-13F7822482B5}.Debug|Any CPU.Build.0 = Debug|Any CPU
		{ECF23900-5808-45F6-933E-13F7822482B5}.Release|Any CPU.ActiveCfg = Release|Any CPU
		{ECF23900-5808-45F6-933E-13F7822482B5}.Release|Any CPU.Build.0 = Release|Any CPU
	EndGlobalSection
	GlobalSection(NestedProjects) = preSolution
		{DD7C0877-06C4-48E4-85D8-25311B3161B7} = {285E4812-2404-4EC1-ADDE-0CA39A30B304}
		{4D3AEEBE-73A1-469D-9FE7-F3DFE9B2F839} = {285E4812-2404-4EC1-ADDE-0CA39A30B304}
		{D8CED47E-4093-4D1A-B2BB-6598427F83B5} = {285E4812-2404-4EC1-ADDE-0CA39A30B304}
	EndGlobalSection
EndGlobal
